# This file was autogenerated by Stack.
# You should not edit this file by hand.
# For more information, please see the documentation at:
#   https://docs.haskellstack.org/en/stable/lock_files

packages:
- completed:
    hackage: primesieve-0.1.0.1@sha256:d4d2b4c0967cb5d364a17cc65ae4f28407e3312653441e31e5220deeaf19d135,1618
    pantry-tree:
      size: 452
      sha256: ac79a709b938745fb2ab248cbc0d7bebd3d11b85ba059a91acca27afcb7b8ef5
  original:
    hackage: primesieve-0.1.0.1
snapshots:
- completed:
    size: 533252
    url: https://raw.githubusercontent.com/commercialhaskell/stackage-snapshots/master/lts/16/27.yaml
    sha256: c2aaae52beeacf6a5727c1010f50e89d03869abfab6d2c2658ade9da8ed50c73
  original: lts-16.27
